
Microsoft Visual Studio Solution File, Format Version 12.00
# Visual Studio Version 17
VisualStudioVersion = 17.6.33815.320
MinimumVisualStudioVersion = 10.0.40219.1
Project("{FAE04EC0-301F-11D3-BF4B-00C04F79EFBC}") = "TallerDeAlgoritmos", "TallerDeAlgoritmos.csproj", "{AE071CB0-0108-47AF-904A-299985BA58AE}"
EndProject
Global
	GlobalSection(SolutionConfigurationPlatforms) = preSolution
		Debug|Any CPU = Debug|Any CPU
		Release|Any CPU = Release|Any CPU
	EndGlobalSection
	GlobalSection(ProjectConfigurationPlatforms) = postSolution
		{AE071CB0-0108-47AF-904A-299985BA58AE}.Debug|Any CPU.ActiveCfg = Debug|Any CPU
		{AE071CB0-0108-47AF-904A-299985BA58AE}.Debug|Any CPU.Build.0 = Debug|Any CPU
		{AE071CB0-0108-47AF-904A-299985BA58AE}.Release|Any CPU.ActiveCfg = Release|Any CPU
		{AE071CB0-0108-47AF-904A-299985BA58AE}.Release|Any CPU.Build.0 = Release|Any CPU
	EndGlobalSection
	GlobalSection(SolutionProperties) = preSolution
		HideSolutionNode = FALSE
	EndGlobalSection
	GlobalSection(ExtensibilityGlobals) = postSolution
		SolutionGuid = {7C64C4BE-7ED3-4A37-BCE0-0D2508A62CCB}
	EndGlobalSection
EndGlobal
